<?xml version="1.0" encoding="utf-8"?>
<Project ToolsVersion="4.0" xmlns="http://schemas.microsoft.com/developer/msbuild/2003">
  <ItemGroup>
    <Filter Include="Pyre">
      <UniqueIdentifier>{A5FF8A7C-9136-8C0D-3A23-72102639080F}</UniqueIdentifier>
    </Filter>
  </ItemGroup>
  <ItemGroup>
    <ClInclude Include="src\Pyre.h" />
    <ClInclude Include="src\Pyre\Application.h">
      <Filter>Pyre</Filter>
    </ClInclude>
    <ClInclude Include="src\Pyre\Core.h">
      <Filter>Pyre</Filter>
    </ClInclude>
    <ClInclude Include="src\Pyre\EntryPoint.h">
      <Filter>Pyre</Filter>
    </ClInclude>
    <ClInclude Include="src\Pyre\Log.h">
      <Filter>Pyre</Filter>
    </ClInclude>
  </ItemGroup>
  <ItemGroup>
    <ClCompile Include="src\Pyre\Application.cpp">
      <Filter>Pyre</Filter>
    </ClCompile>
    <ClCompile Include="src\Pyre\Log.cpp">
      <Filter>Pyre</Filter>
    </ClCompile>
  </ItemGroup>
</Project>